
Microsoft Visual Studio Solution File, Format Version 12.00
# Visual Studio 15
VisualStudioVersion = 15.0.28307.902
MinimumVisualStudioVersion = 10.0.40219.1
Project("{FAE04EC0-301F-11D3-BF4B-00C04F79EFBC}") = "08.11.19_tund", "08.11.19_tund\08.11.19_tund.csproj", "{6C275432-8A54-427B-9476-2858F654E42A}"
EndProject
Project("{FAE04EC0-301F-11D3-BF4B-00C04F79EFBC}") = "Person", "Person\Person.csproj", "{6F8F2F85-E0C0-400D-A0C8-A85BFEECFF24}"
EndProject
Global
	GlobalSection(SolutionConfigurationPlatforms) = preSolution
		Debug|Any CPU = Debug|Any CPU
		Release|Any CPU = Release|Any CPU
	EndGlobalSection
	GlobalSection(ProjectConfigurationPlatforms) = postSolution
		{6C275432-8A54-427B-9476-2858F654E42A}.Debug|Any CPU.ActiveCfg = Debug|Any CPU
		{6C275432-8A54-427B-9476-2858F654E42A}.Debug|Any CPU.Build.0 = Debug|Any CPU
		{6C275432-8A54-427B-9476-2858F654E42A}.Release|Any CPU.ActiveCfg = Release|Any CPU
		{6C275432-8A54-427B-9476-2858F654E42A}.Release|Any CPU.Build.0 = Release|Any CPU
		{6F8F2F85-E0C0-400D-A0C8-A85BFEECFF24}.Debug|Any CPU.ActiveCfg = Debug|Any CPU
		{6F8F2F85-E0C0-400D-A0C8-A85BFEECFF24}.Debug|Any CPU.Build.0 = Debug|Any CPU
		{6F8F2F85-E0C0-400D-A0C8-A85BFEECFF24}.Release|Any CPU.ActiveCfg = Release|Any CPU
		{6F8F2F85-E0C0-400D-A0C8-A85BFEECFF24}.Release|Any CPU.Build.0 = Release|Any CPU
	EndGlobalSection
	GlobalSection(SolutionProperties) = preSolution
		HideSolutionNode = FALSE
	EndGlobalSection
	GlobalSection(ExtensibilityGlobals) = postSolution
		SolutionGuid = {394594BD-7425-4D68-BD8D-9D4EF6F3FE63}
	EndGlobalSection
EndGlobal
